// !$*UTF8*$!
{
	archiveVersion = 1;
	classes = {
	};
	objectVersion = 46;
	objects = {

/* Begin PBXBuildFile section */
		5ECA25451D2EBB4D00F5135F /* CardStack.swift in Sources */ = {isa = PBXBuildFile; fileRef = 5ECA25431D2EBB4D00F5135F /* CardStack.swift */; };
		5ECA25461D2EBB4D00F5135F /* CardView.swift in Sources */ = {isa = PBXBuildFile; fileRef = 5ECA25441D2EBB4D00F5135F /* CardView.swift */; };
		D881B29A1D2DA13A00B92518 /* AppDelegate.swift in Sources */ = {isa = PBXBuildFile; fileRef = D881B2991D2DA13A00B92518 /* AppDelegate.swift */; };
		D881B29C1D2DA13A00B92518 /* FirstViewController.swift in Sources */ = {isa = PBXBuildFile; fileRef = D881B29B1D2DA13A00B92518 /* FirstViewController.swift */; };
		D881B2A11D2DA13A00B92518 /* Main.storyboard in Resources */ = {isa = PBXBuildFile; fileRef = D881B29F1D2DA13A00B92518 /* Main.storyboard */; };
		D881B2A31D2DA13A00B92518 /* Assets.xcassets in Resources */ = {isa = PBXBuildFile; fileRef = D881B2A21D2DA13A00B92518 /* Assets.xcassets */; };
		D881B2A61D2DA13A00B92518 /* LaunchScreen.storyboard in Resources */ = {isa = PBXBuildFile; fileRef = D881B2A41D2DA13A00B92518 /* LaunchScreen.storyboard */; };
		D881B2AE1D2DA8EA00B92518 /* AdoptablesTableViewController.swift in Sources */ = {isa = PBXBuildFile; fileRef = D881B2AD1D2DA8EA00B92518 /* AdoptablesTableViewController.swift */; };
		D881B2B01D2DA9D500B92518 /* Dog.swift in Sources */ = {isa = PBXBuildFile; fileRef = D881B2AF1D2DA9D500B92518 /* Dog.swift */; };
		D881B2B41D2DBA5D00B92518 /* DogsTableViewCell.swift in Sources */ = {isa = PBXBuildFile; fileRef = D881B2B31D2DBA5D00B92518 /* DogsTableViewCell.swift */; };
/* End PBXBuildFile section */

/* Begin PBXFileReference section */
		5ECA25431D2EBB4D00F5135F /* CardStack.swift */ = {isa = PBXFileReference; fileEncoding = 4; lastKnownFileType = sourcecode.swift; path = CardStack.swift; sourceTree = "<group>"; };
		5ECA25441D2EBB4D00F5135F /* CardView.swift */ = {isa = PBXFileReference; fileEncoding = 4; lastKnownFileType = sourcecode.swift; path = CardView.swift; sourceTree = "<group>"; };
		D881B2961D2DA13A00B92518 /* PetFiinder.app */ = {isa = PBXFileReference; explicitFileType = wrapper.application; includeInIndex = 0; path = PetFiinder.app; sourceTree = BUILT_PRODUCTS_DIR; };
		D881B2991D2DA13A00B92518 /* AppDelegate.swift */ = {isa = PBXFileReference; lastKnownFileType = sourcecode.swift; path = AppDelegate.swift; sourceTree = "<group>"; };
		D881B29B1D2DA13A00B92518 /* FirstViewController.swift */ = {isa = PBXFileReference; lastKnownFileType = sourcecode.swift; path = FirstViewController.swift; sourceTree = "<group>"; };
		D881B2A01D2DA13A00B92518 /* Base */ = {isa = PBXFileReference; lastKnownFileType = file.storyboard; name = Base; path = Base.lproj/Main.storyboard; sourceTree = "<group>"; };
		D881B2A21D2DA13A00B92518 /* Assets.xcassets */ = {isa = PBXFileReference; lastKnownFileType = folder.assetcatalog; path = Assets.xcassets; sourceTree = "<group>"; };
		D881B2A51D2DA13A00B92518 /* Base */ = {isa = PBXFileReference; lastKnownFileType = file.storyboard; name = Base; path = Base.lproj/LaunchScreen.storyboard; sourceTree = "<group>"; };
		D881B2A71D2DA13A00B92518 /* Info.plist */ = {isa = PBXFileReference; lastKnownFileType = text.plist.xml; path = Info.plist; sourceTree = "<group>"; };
		D881B2AD1D2DA8EA00B92518 /* AdoptablesTableViewController.swift */ = {isa = PBXFileReference; fileEncoding = 4; lastKnownFileType = sourcecode.swift; path = AdoptablesTableViewController.swift; sourceTree = "<group>"; };
		D881B2AF1D2DA9D500B92518 /* Dog.swift */ = {isa = PBXFileReference; fileEncoding = 4; lastKnownFileType = sourcecode.swift; path = Dog.swift; sourceTree = "<group>"; };
		D881B2B31D2DBA5D00B92518 /* DogsTableViewCell.swift */ = {isa = PBXFileReference; fileEncoding = 4; lastKnownFileType = sourcecode.swift; path = DogsTableViewCell.swift; sourceTree = "<group>"; };
/* End PBXFileReference section */

/* Begin PBXFrameworksBuildPhase section */
		D881B2931D2DA13A00B92518 /* Frameworks */ = {
			isa = PBXFrameworksBuildPhase;
			buildActionMask = 2147483647;
			files = (
			);
			runOnlyForDeploymentPostprocessing = 0;
		};
/* End PBXFrameworksBuildPhase section */

/* Begin PBXGroup section */
		5ECA25471D2EBB6300F5135F /* Views */ = {
			isa = PBXGroup;
			children = (
				D881B2B31D2DBA5D00B92518 /* DogsTableViewCell.swift */,
				5ECA25431D2EBB4D00F5135F /* CardStack.swift */,
				5ECA25441D2EBB4D00F5135F /* CardView.swift */,
			);
			name = Views;
			sourceTree = "<group>";
		};
		D881B28D1D2DA13A00B92518 = {
			isa = PBXGroup;
			children = (
				D881B2981D2DA13A00B92518 /* PetFiinder */,
				D881B2971D2DA13A00B92518 /* Products */,
			);
			sourceTree = "<group>";
		};
		D881B2971D2DA13A00B92518 /* Products */ = {
			isa = PBXGroup;
			children = (
				D881B2961D2DA13A00B92518 /* PetFiinder.app */,
			);
			name = Products;
			sourceTree = "<group>";
		};
		D881B2981D2DA13A00B92518 /* PetFiinder */ = {
			isa = PBXGroup;
			children = (
				D881B2991D2DA13A00B92518 /* AppDelegate.swift */,
				D881B29F1D2DA13A00B92518 /* Main.storyboard */,
				5ECA25471D2EBB6300F5135F /* Views */,
				D881B2B11D2DAAAA00B92518 /* Model */,
				D881B2B21D2DAAB900B92518 /* Controllers */,
				D881B2A21D2DA13A00B92518 /* Assets.xcassets */,
				D881B2A41D2DA13A00B92518 /* LaunchScreen.storyboard */,
				D881B2A71D2DA13A00B92518 /* Info.plist */,
			);
			path = PetFiinder;
			sourceTree = "<group>";
		};
		D881B2B11D2DAAAA00B92518 /* Model */ = {
			isa = PBXGroup;
			children = (
				D881B2AF1D2DA9D500B92518 /* Dog.swift */,
			);
			name = Model;
			sourceTree = "<group>";
		};
		D881B2B21D2DAAB900B92518 /* Controllers */ = {
			isa = PBXGroup;
			children = (
				D881B29B1D2DA13A00B92518 /* FirstViewController.swift */,
				D881B2AD1D2DA8EA00B92518 /* AdoptablesTableViewController.swift */,
			);
			name = Controllers;
			sourceTree = "<group>";
		};
/* End PBXGroup section */

/* Begin PBXNativeTarget section */
		D881B2951D2DA13A00B92518 /* PetFiinder */ = {
			isa = PBXNativeTarget;
			buildConfigurationList = D881B2AA1D2DA13A00B92518 /* Build configuration list for PBXNativeTarget "PetFiinder" */;
			buildPhases = (
				D881B2921D2DA13A00B92518 /* Sources */,
				D881B2931D2DA13A00B92518 /* Frameworks */,
				D881B2941D2DA13A00B92518 /* Resources */,
			);
			buildRules = (
			);
			dependencies = (
			);
			name = PetFiinder;
			productName = PetFiinder;
			productReference = D881B2961D2DA13A00B92518 /* PetFiinder.app */;
			productType = "com.apple.product-type.application";
		};
/* End PBXNativeTarget section */

/* Begin PBXProject section */
		D881B28E1D2DA13A00B92518 /* Project object */ = {
			isa = PBXProject;
			attributes = {
				LastSwiftUpdateCheck = 0730;
				LastUpgradeCheck = 0730;
				ORGANIZATIONNAME = "Iron Yard_Joe Moss";
				TargetAttributes = {
					D881B2951D2DA13A00B92518 = {
						CreatedOnToolsVersion = 7.3.1;
					};
				};
			};
			buildConfigurationList = D881B2911D2DA13A00B92518 /* Build configuration list for PBXProject "PetFiinder" */;
			compatibilityVersion = "Xcode 3.2";
			developmentRegion = English;
			hasScannedForEncodings = 0;
			knownRegions = (
				en,
				Base,
			);
			mainGroup = D881B28D1D2DA13A00B92518;
			productRefGroup = D881B2971D2DA13A00B92518 /* Products */;
			projectDirPath = "";
			projectRoot = "";
			targets = (
				D881B2951D2DA13A00B92518 /* PetFiinder */,
			);
		};
/* End PBXProject section */

/* Begin PBXResourcesBuildPhase section */
		D881B2941D2DA13A00B92518 /* Resources */ = {
			isa = PBXResourcesBuildPhase;
			buildActionMask = 2147483647;
			files = (
				D881B2A61D2DA13A00B92518 /* LaunchScreen.storyboard in Resources */,
				D881B2A31D2DA13A00B92518 /* Assets.xcassets in Resources */,
				D881B2A11D2DA13A00B92518 /* Main.storyboard in Resources */,
			);
			runOnlyForDeploymentPostprocessing = 0;
		};
/* End PBXResourcesBuildPhase section */

/* Begin PBXSourcesBuildPhase section */
		D881B2921D2DA13A00B92518 /* Sources */ = {
			isa = PBXSourcesBuildPhase;
			buildActionMask = 2147483647;
			files = (
				5ECA25461D2EBB4D00F5135F /* CardView.swift in Sources */,
				D881B29A1D2DA13A00B92518 /* AppDelegate.swift in Sources */,
				D881B2AE1D2DA8EA00B92518 /* AdoptablesTableViewController.swift in Sources */,
				5ECA25451D2EBB4D00F5135F /* CardStack.swift in Sources */,
				D881B2B41D2DBA5D00B92518 /* DogsTableViewCell.swift in Sources */,
				D881B2B01D2DA9D500B92518 /* Dog.swift in Sources */,
				D881B29C1D2DA13A00B92518 /* FirstViewController.swift in Sources */,
			);
			runOnlyForDeploymentPostprocessing = 0;
		};
/* End PBXSourcesBuildPhase section */

/* Begin PBXVariantGroup section */
		D881B29F1D2DA13A00B92518 /* Main.storyboard */ = {
			isa = PBXVariantGroup;
			children = (
				D881B2A01D2DA13A00B92518 /* Base */,
			);
			name = Main.storyboard;
			sourceTree = "<group>";
		};
		D881B2A41D2DA13A00B92518 /* LaunchScreen.storyboard */ = {
			isa = PBXVariantGroup;
			children = (
				D881B2A51D2DA13A00B92518 /* Base */,
			);
			name = LaunchScreen.storyboard;
			sourceTree = "<group>";
		};
/* End PBXVariantGroup section */

/* Begin XCBuildConfiguration section */
		D881B2A81D2DA13A00B92518 /* Debug */ = {
			isa = XCBuildConfiguration;
			buildSettings = {
				ALWAYS_SEARCH_USER_PATHS = NO;
				CLANG_ANALYZER_NONNULL = YES;
				CLANG_CXX_LANGUAGE_STANDARD = "gnu++0x";
				CLANG_CXX_LIBRARY = "libc++";
				CLANG_ENABLE_MODULES = YES;
				CLANG_ENABLE_OBJC_ARC = YES;
				CLANG_WARN_BOOL_CONVERSION = YES;
				CLANG_WARN_CONSTANT_CONVERSION = YES;
				CLANG_WARN_DIRECT_OBJC_ISA_USAGE = YES_ERROR;
				CLANG_WARN_EMPTY_BODY = YES;
				CLANG_WARN_ENUM_CONVERSION = YES;
				CLANG_WARN_INT_CONVERSION = YES;
				CLANG_WARN_OBJC_ROOT_CLASS = YES_ERROR;
				CLANG_WARN_UNREACHABLE_CODE = YES;
				CLANG_WARN__DUPLICATE_METHOD_MATCH = YES;
				"CODE_SIGN_IDENTITY[sdk=iphoneos*]" = "iPhone Developer";
				COPY_PHASE_STRIP = NO;
				DEBUG_INFORMATION_FORMAT = dwarf;
				ENABLE_STRICT_OBJC_MSGSEND = YES;
				ENABLE_TESTABILITY = YES;
				GCC_C_LANGUAGE_STANDARD = gnu99;
				GCC_DYNAMIC_NO_PIC = NO;
				GCC_NO_COMMON_BLOCKS = YES;
				GCC_OPTIMIZATION_LEVEL = 0;
				GCC_PREPROCESSOR_DEFINITIONS = (
					"DEBUG=1",
					"$(inherited)",
				);
				GCC_WARN_64_TO_32_BIT_CONVERSION = YES;
				GCC_WARN_ABOUT_RETURN_TYPE = YES_ERROR;
				GCC_WARN_UNDECLARED_SELECTOR = YES;
				GCC_WARN_UNINITIALIZED_AUTOS = YES_AGGRESSIVE;
				GCC_WARN_UNUSED_FUNCTION = YES;
				GCC_WARN_UNUSED_VARIABLE = YES;
				IPHONEOS_DEPLOYMENT_TARGET = 9.3;
				MTL_ENABLE_DEBUG_INFO = YES;
				ONLY_ACTIVE_ARCH = YES;
				SDKROOT = iphoneos;
				SWIFT_OPTIMIZATION_LEVEL = "-Onone";
			};
			name = Debug;
		};
		D881B2A91D2DA13A00B92518 /* Release */ = {
			isa = XCBuildConfiguration;
			buildSettings = {
				ALWAYS_SEARCH_USER_PATHS = NO;
				CLANG_ANALYZER_NONNULL = YES;
				CLANG_CXX_LANGUAGE_STANDARD = "gnu++0x";
				CLANG_CXX_LIBRARY = "libc++";
				CLANG_ENABLE_MODULES = YES;
				CLANG_ENABLE_OBJC_ARC = YES;
				CLANG_WARN_BOOL_CONVERSION = YES;
				CLANG_WARN_CONSTANT_CONVERSION = YES;
				CLANG_WARN_DIRECT_OBJC_ISA_USAGE = YES_ERROR;
				CLANG_WARN_EMPTY_BODY = YES;
				CLANG_WARN_ENUM_CONVERSION = YES;
				CLANG_WARN_INT_CONVERSION = YES;
				CLANG_WARN_OBJC_ROOT_CLASS = YES_ERROR;
				CLANG_WARN_UNREACHABLE_CODE = YES;
				CLANG_WARN__DUPLICATE_METHOD_MATCH = YES;
				"CODE_SIGN_IDENTITY[sdk=iphoneos*]" = "iPhone Developer";
				COPY_PHASE_STRIP = NO;
				DEBUG_INFORMATION_FORMAT = "dwarf-with-dsym";
				ENABLE_NS_ASSERTIONS = NO;
				ENABLE_STRICT_OBJC_MSGSEND = YES;
				GCC_C_LANGUAGE_STANDARD = gnu99;
				GCC_NO_COMMON_BLOCKS = YES;
				GCC_WARN_64_TO_32_BIT_CONVERSION = YES;
				GCC_WARN_ABOUT_RETURN_TYPE = YES_ERROR;
				GCC_WARN_UNDECLARED_SELECTOR = YES;
				GCC_WARN_UNINITIALIZED_AUTOS = YES_AGGRESSIVE;
				GCC_WARN_UNUSED_FUNCTION = YES;
				GCC_WARN_UNUSED_VARIABLE = YES;
				IPHONEOS_DEPLOYMENT_TARGET = 9.3;
				MTL_ENABLE_DEBUG_INFO = NO;
				SDKROOT = iphoneos;
				VALIDATE_PRODUCT = YES;
			};
			name = Release;
		};
		D881B2AB1D2DA13A00B92518 /* Debug */ = {
			isa = XCBuildConfiguration;
			buildSettings = {
				ASSETCATALOG_COMPILER_APPICON_NAME = AppIcon;
				INFOPLIST_FILE = PetFiinder/Info.plist;
				LD_RUNPATH_SEARCH_PATHS = "$(inherited) @executable_path/Frameworks";
				PRODUCT_BUNDLE_IDENTIFIER = com.joe.PetFiinder;
				PRODUCT_NAME = "$(TARGET_NAME)";
			};
			name = Debug;
		};
		D881B2AC1D2DA13A00B92518 /* Release */ = {
			isa = XCBuildConfiguration;
			buildSettings = {
				ASSETCATALOG_COMPILER_APPICON_NAME = AppIcon;
				INFOPLIST_FILE = PetFiinder/Info.plist;
				LD_RUNPATH_SEARCH_PATHS = "$(inherited) @executable_path/Frameworks";
				PRODUCT_BUNDLE_IDENTIFIER = com.joe.PetFiinder;
				PRODUCT_NAME = "$(TARGET_NAME)";
			};
			name = Release;
		};
/* End XCBuildConfiguration section */

/* Begin XCConfigurationList section */
		D881B2911D2DA13A00B92518 /* Build configuration list for PBXProject "PetFiinder" */ = {
			isa = XCConfigurationList;
			buildConfigurations = (
				D881B2A81D2DA13A00B92518 /* Debug */,
				D881B2A91D2DA13A00B92518 /* Release */,
			);
			defaultConfigurationIsVisible = 0;
			defaultConfigurationName = Release;
		};
		D881B2AA1D2DA13A00B92518 /* Build configuration list for PBXNativeTarget "PetFiinder" */ = {
			isa = XCConfigurationList;
			buildConfigurations = (
				D881B2AB1D2DA13A00B92518 /* Debug */,
				D881B2AC1D2DA13A00B92518 /* Release */,
			);
			defaultConfigurationIsVisible = 0;
			defaultConfigurationName = Release;
		};
/* End XCConfigurationList section */
	};
	rootObject = D881B28E1D2DA13A00B92518 /* Project object */;
}
